// !$*UTF8*$!
{
	archiveVersion = 1;
	classes = {
	};
	objectVersion = 56;
	objects = {

/* Begin PBXBuildFile section */
		615FFAE029120FFE0085A2E3 /* HSCardExplorerApp.swift in Sources */ = {isa = PBXBuildFile; fileRef = 615FFADF29120FFE0085A2E3 /* HSCardExplorerApp.swift */; };
		615FFAE229120FFE0085A2E3 /* MainView.swift in Sources */ = {isa = PBXBuildFile; fileRef = 615FFAE129120FFE0085A2E3 /* MainView.swift */; };
		615FFAE429120FFF0085A2E3 /* Assets.xcassets in Resources */ = {isa = PBXBuildFile; fileRef = 615FFAE329120FFF0085A2E3 /* Assets.xcassets */; };
		615FFAE729120FFF0085A2E3 /* Preview Assets.xcassets in Resources */ = {isa = PBXBuildFile; fileRef = 615FFAE629120FFF0085A2E3 /* Preview Assets.xcassets */; };
		615FFAF129120FFF0085A2E3 /* HSCardExplorerTests.swift in Sources */ = {isa = PBXBuildFile; fileRef = 615FFAF029120FFF0085A2E3 /* HSCardExplorerTests.swift */; };
		615FFAFB29120FFF0085A2E3 /* HSCardExplorerUITests.swift in Sources */ = {isa = PBXBuildFile; fileRef = 615FFAFA29120FFF0085A2E3 /* HSCardExplorerUITests.swift */; };
		615FFAFD29120FFF0085A2E3 /* HSCardExplorerUITestsLaunchTests.swift in Sources */ = {isa = PBXBuildFile; fileRef = 615FFAFC29120FFF0085A2E3 /* HSCardExplorerUITestsLaunchTests.swift */; };
		615FFB0C291215970085A2E3 /* CardDetailView.swift in Sources */ = {isa = PBXBuildFile; fileRef = 615FFB0B291215970085A2E3 /* CardDetailView.swift */; };
/* End PBXBuildFile section */

/* Begin PBXContainerItemProxy section */
		615FFAED29120FFF0085A2E3 /* PBXContainerItemProxy */ = {
			isa = PBXContainerItemProxy;
			containerPortal = 615FFAD429120FFE0085A2E3 /* Project object */;
			proxyType = 1;
			remoteGlobalIDString = 615FFADB29120FFE0085A2E3;
			remoteInfo = HSCardExplorer;
		};
		615FFAF729120FFF0085A2E3 /* PBXContainerItemProxy */ = {
			isa = PBXContainerItemProxy;
			containerPortal = 615FFAD429120FFE0085A2E3 /* Project object */;
			proxyType = 1;
			remoteGlobalIDString = 615FFADB29120FFE0085A2E3;
			remoteInfo = HSCardExplorer;
		};
/* End PBXContainerItemProxy section */

/* Begin PBXFileReference section */
		615FFADC29120FFE0085A2E3 /* HSCardExplorer.app */ = {isa = PBXFileReference; explicitFileType = wrapper.application; includeInIndex = 0; path = HSCardExplorer.app; sourceTree = BUILT_PRODUCTS_DIR; };
		615FFADF29120FFE0085A2E3 /* HSCardExplorerApp.swift */ = {isa = PBXFileReference; lastKnownFileType = sourcecode.swift; path = HSCardExplorerApp.swift; sourceTree = "<group>"; };
		615FFAE129120FFE0085A2E3 /* MainView.swift */ = {isa = PBXFileReference; lastKnownFileType = sourcecode.swift; path = MainView.swift; sourceTree = "<group>"; };
		615FFAE329120FFF0085A2E3 /* Assets.xcassets */ = {isa = PBXFileReference; lastKnownFileType = folder.assetcatalog; path = Assets.xcassets; sourceTree = "<group>"; };
		615FFAE629120FFF0085A2E3 /* Preview Assets.xcassets */ = {isa = PBXFileReference; lastKnownFileType = folder.assetcatalog; path = "Preview Assets.xcassets"; sourceTree = "<group>"; };
		615FFAEC29120FFF0085A2E3 /* HSCardExplorerTests.xctest */ = {isa = PBXFileReference; explicitFileType = wrapper.cfbundle; includeInIndex = 0; path = HSCardExplorerTests.xctest; sourceTree = BUILT_PRODUCTS_DIR; };
		615FFAF029120FFF0085A2E3 /* HSCardExplorerTests.swift */ = {isa = PBXFileReference; lastKnownFileType = sourcecode.swift; path = HSCardExplorerTests.swift; sourceTree = "<group>"; };
		615FFAF629120FFF0085A2E3 /* HSCardExplorerUITests.xctest */ = {isa = PBXFileReference; explicitFileType = wrapper.cfbundle; includeInIndex = 0; path = HSCardExplorerUITests.xctest; sourceTree = BUILT_PRODUCTS_DIR; };
		615FFAFA29120FFF0085A2E3 /* HSCardExplorerUITests.swift */ = {isa = PBXFileReference; lastKnownFileType = sourcecode.swift; path = HSCardExplorerUITests.swift; sourceTree = "<group>"; };
		615FFAFC29120FFF0085A2E3 /* HSCardExplorerUITestsLaunchTests.swift */ = {isa = PBXFileReference; lastKnownFileType = sourcecode.swift; path = HSCardExplorerUITestsLaunchTests.swift; sourceTree = "<group>"; };
		615FFB0B291215970085A2E3 /* CardDetailView.swift */ = {isa = PBXFileReference; lastKnownFileType = sourcecode.swift; path = CardDetailView.swift; sourceTree = "<group>"; };
/* End PBXFileReference section */

/* Begin PBXFrameworksBuildPhase section */
		615FFAD929120FFE0085A2E3 /* Frameworks */ = {
			isa = PBXFrameworksBuildPhase;
			buildActionMask = 2147483647;
			files = (
			);
			runOnlyForDeploymentPostprocessing = 0;
		};
		615FFAE929120FFF0085A2E3 /* Frameworks */ = {
			isa = PBXFrameworksBuildPhase;
			buildActionMask = 2147483647;
			files = (
			);
			runOnlyForDeploymentPostprocessing = 0;
		};
		615FFAF329120FFF0085A2E3 /* Frameworks */ = {
			isa = PBXFrameworksBuildPhase;
			buildActionMask = 2147483647;
			files = (
			);
			runOnlyForDeploymentPostprocessing = 0;
		};
/* End PBXFrameworksBuildPhase section */

/* Begin PBXGroup section */
		615FFAD329120FFE0085A2E3 = {
			isa = PBXGroup;
			children = (
				615FFADE29120FFE0085A2E3 /* HSCardExplorer */,
				615FFAEF29120FFF0085A2E3 /* HSCardExplorerTests */,
				615FFAF929120FFF0085A2E3 /* HSCardExplorerUITests */,
				615FFADD29120FFE0085A2E3 /* Products */,
			);
			sourceTree = "<group>";
		};
		615FFADD29120FFE0085A2E3 /* Products */ = {
			isa = PBXGroup;
			children = (
				615FFADC29120FFE0085A2E3 /* HSCardExplorer.app */,
				615FFAEC29120FFF0085A2E3 /* HSCardExplorerTests.xctest */,
				615FFAF629120FFF0085A2E3 /* HSCardExplorerUITests.xctest */,
			);
			name = Products;
			sourceTree = "<group>";
		};
		615FFADE29120FFE0085A2E3 /* HSCardExplorer */ = {
			isa = PBXGroup;
			children = (
				615FFB09291214F20085A2E3 /* Views */,
				615FFADF29120FFE0085A2E3 /* HSCardExplorerApp.swift */,
				615FFAE329120FFF0085A2E3 /* Assets.xcassets */,
				615FFAE529120FFF0085A2E3 /* Preview Content */,
			);
			path = HSCardExplorer;
			sourceTree = "<group>";
		};
		615FFAE529120FFF0085A2E3 /* Preview Content */ = {
			isa = PBXGroup;
			children = (
				615FFAE629120FFF0085A2E3 /* Preview Assets.xcassets */,
			);
			path = "Preview Content";
			sourceTree = "<group>";
		};
		615FFAEF29120FFF0085A2E3 /* HSCardExplorerTests */ = {
			isa = PBXGroup;
			children = (
				615FFAF029120FFF0085A2E3 /* HSCardExplorerTests.swift */,
			);
			path = HSCardExplorerTests;
			sourceTree = "<group>";
		};
		615FFAF929120FFF0085A2E3 /* HSCardExplorerUITests */ = {
			isa = PBXGroup;
			children = (
				615FFAFA29120FFF0085A2E3 /* HSCardExplorerUITests.swift */,
				615FFAFC29120FFF0085A2E3 /* HSCardExplorerUITestsLaunchTests.swift */,
			);
			path = HSCardExplorerUITests;
			sourceTree = "<group>";
		};
		615FFB09291214F20085A2E3 /* Views */ = {
			isa = PBXGroup;
			children = (
				615FFB0A291215050085A2E3 /* Screens */,
			);
			path = Views;
			sourceTree = "<group>";
		};
		615FFB0A291215050085A2E3 /* Screens */ = {
			isa = PBXGroup;
			children = (
				615FFAE129120FFE0085A2E3 /* MainView.swift */,
				615FFB0B291215970085A2E3 /* CardDetailView.swift */,
			);
			path = Screens;
			sourceTree = "<group>";
		};
/* End PBXGroup section */

/* Begin PBXNativeTarget section */
		615FFADB29120FFE0085A2E3 /* HSCardExplorer */ = {
			isa = PBXNativeTarget;
			buildConfigurationList = 615FFB0029120FFF0085A2E3 /* Build configuration list for PBXNativeTarget "HSCardExplorer" */;
			buildPhases = (
				615FFAD829120FFE0085A2E3 /* Sources */,
				615FFAD929120FFE0085A2E3 /* Frameworks */,
				615FFADA29120FFE0085A2E3 /* Resources */,
			);
			buildRules = (
			);
			dependencies = (
			);
			name = HSCardExplorer;
			productName = HSCardExplorer;
			productReference = 615FFADC29120FFE0085A2E3 /* HSCardExplorer.app */;
			productType = "com.apple.product-type.application";
		};
		615FFAEB29120FFF0085A2E3 /* HSCardExplorerTests */ = {
			isa = PBXNativeTarget;
			buildConfigurationList = 615FFB0329120FFF0085A2E3 /* Build configuration list for PBXNativeTarget "HSCardExplorerTests" */;
			buildPhases = (
				615FFAE829120FFF0085A2E3 /* Sources */,
				615FFAE929120FFF0085A2E3 /* Frameworks */,
				615FFAEA29120FFF0085A2E3 /* Resources */,
			);
			buildRules = (
			);
			dependencies = (
				615FFAEE29120FFF0085A2E3 /* PBXTargetDependency */,
			);
			name = HSCardExplorerTests;
			productName = HSCardExplorerTests;
			productReference = 615FFAEC29120FFF0085A2E3 /* HSCardExplorerTests.xctest */;
			productType = "com.apple.product-type.bundle.unit-test";
		};
		615FFAF529120FFF0085A2E3 /* HSCardExplorerUITests */ = {
			isa = PBXNativeTarget;
			buildConfigurationList = 615FFB0629120FFF0085A2E3 /* Build configuration list for PBXNativeTarget "HSCardExplorerUITests" */;
			buildPhases = (
				615FFAF229120FFF0085A2E3 /* Sources */,
				615FFAF329120FFF0085A2E3 /* Frameworks */,
				615FFAF429120FFF0085A2E3 /* Resources */,
			);
			buildRules = (
			);
			dependencies = (
				615FFAF829120FFF0085A2E3 /* PBXTargetDependency */,
			);
			name = HSCardExplorerUITests;
			productName = HSCardExplorerUITests;
			productReference = 615FFAF629120FFF0085A2E3 /* HSCardExplorerUITests.xctest */;
			productType = "com.apple.product-type.bundle.ui-testing";
		};
/* End PBXNativeTarget section */

/* Begin PBXProject section */
		615FFAD429120FFE0085A2E3 /* Project object */ = {
			isa = PBXProject;
			attributes = {
				BuildIndependentTargetsInParallel = 1;
				LastSwiftUpdateCheck = 1400;
				LastUpgradeCheck = 1400;
				TargetAttributes = {
					615FFADB29120FFE0085A2E3 = {
						CreatedOnToolsVersion = 14.0.1;
					};
					615FFAEB29120FFF0085A2E3 = {
						CreatedOnToolsVersion = 14.0.1;
						TestTargetID = 615FFADB29120FFE0085A2E3;
					};
					615FFAF529120FFF0085A2E3 = {
						CreatedOnToolsVersion = 14.0.1;
						TestTargetID = 615FFADB29120FFE0085A2E3;
					};
				};
			};
			buildConfigurationList = 615FFAD729120FFE0085A2E3 /* Build configuration list for PBXProject "HSCardExplorer" */;
			compatibilityVersion = "Xcode 14.0";
			developmentRegion = en;
			hasScannedForEncodings = 0;
			knownRegions = (
				en,
				Base,
			);
			mainGroup = 615FFAD329120FFE0085A2E3;
			productRefGroup = 615FFADD29120FFE0085A2E3 /* Products */;
			projectDirPath = "";
			projectRoot = "";
			targets = (
				615FFADB29120FFE0085A2E3 /* HSCardExplorer */,
				615FFAEB29120FFF0085A2E3 /* HSCardExplorerTests */,
				615FFAF529120FFF0085A2E3 /* HSCardExplorerUITests */,
			);
		};
/* End PBXProject section */

/* Begin PBXResourcesBuildPhase section */
		615FFADA29120FFE0085A2E3 /* Resources */ = {
			isa = PBXResourcesBuildPhase;
			buildActionMask = 2147483647;
			files = (
				615FFAE729120FFF0085A2E3 /* Preview Assets.xcassets in Resources */,
				615FFAE429120FFF0085A2E3 /* Assets.xcassets in Resources */,
			);
			runOnlyForDeploymentPostprocessing = 0;
		};
		615FFAEA29120FFF0085A2E3 /* Resources */ = {
			isa = PBXResourcesBuildPhase;
			buildActionMask = 2147483647;
			files = (
			);
			runOnlyForDeploymentPostprocessing = 0;
		};
		615FFAF429120FFF0085A2E3 /* Resources */ = {
			isa = PBXResourcesBuildPhase;
			buildActionMask = 2147483647;
			files = (
			);
			runOnlyForDeploymentPostprocessing = 0;
		};
/* End PBXResourcesBuildPhase section */

/* Begin PBXSourcesBuildPhase section */
		615FFAD829120FFE0085A2E3 /* Sources */ = {
			isa = PBXSourcesBuildPhase;
			buildActionMask = 2147483647;
			files = (
				615FFB0C291215970085A2E3 /* CardDetailView.swift in Sources */,
				615FFAE229120FFE0085A2E3 /* MainView.swift in Sources */,
				615FFAE029120FFE0085A2E3 /* HSCardExplorerApp.swift in Sources */,
			);
			runOnlyForDeploymentPostprocessing = 0;
		};
		615FFAE829120FFF0085A2E3 /* Sources */ = {
			isa = PBXSourcesBuildPhase;
			buildActionMask = 2147483647;
			files = (
				615FFAF129120FFF0085A2E3 /* HSCardExplorerTests.swift in Sources */,
			);
			runOnlyForDeploymentPostprocessing = 0;
		};
		615FFAF229120FFF0085A2E3 /* Sources */ = {
			isa = PBXSourcesBuildPhase;
			buildActionMask = 2147483647;
			files = (
				615FFAFD29120FFF0085A2E3 /* HSCardExplorerUITestsLaunchTests.swift in Sources */,
				615FFAFB29120FFF0085A2E3 /* HSCardExplorerUITests.swift in Sources */,
			);
			runOnlyForDeploymentPostprocessing = 0;
		};
/* End PBXSourcesBuildPhase section */

/* Begin PBXTargetDependency section */
		615FFAEE29120FFF0085A2E3 /* PBXTargetDependency */ = {
			isa = PBXTargetDependency;
			target = 615FFADB29120FFE0085A2E3 /* HSCardExplorer */;
			targetProxy = 615FFAED29120FFF0085A2E3 /* PBXContainerItemProxy */;
		};
		615FFAF829120FFF0085A2E3 /* PBXTargetDependency */ = {
			isa = PBXTargetDependency;
			target = 615FFADB29120FFE0085A2E3 /* HSCardExplorer */;
			targetProxy = 615FFAF729120FFF0085A2E3 /* PBXContainerItemProxy */;
		};
/* End PBXTargetDependency section */

/* Begin XCBuildConfiguration section */
		615FFAFE29120FFF0085A2E3 /* Debug */ = {
			isa = XCBuildConfiguration;
			buildSettings = {
				ALWAYS_SEARCH_USER_PATHS = NO;
				CLANG_ANALYZER_NONNULL = YES;
				CLANG_ANALYZER_NUMBER_OBJECT_CONVERSION = YES_AGGRESSIVE;
				CLANG_CXX_LANGUAGE_STANDARD = "gnu++20";
				CLANG_ENABLE_MODULES = YES;
				CLANG_ENABLE_OBJC_ARC = YES;
				CLANG_ENABLE_OBJC_WEAK = YES;
				CLANG_WARN_BLOCK_CAPTURE_AUTORELEASING = YES;
				CLANG_WARN_BOOL_CONVERSION = YES;
				CLANG_WARN_COMMA = YES;
				CLANG_WARN_CONSTANT_CONVERSION = YES;
				CLANG_WARN_DEPRECATED_OBJC_IMPLEMENTATIONS = YES;
				CLANG_WARN_DIRECT_OBJC_ISA_USAGE = YES_ERROR;
				CLANG_WARN_DOCUMENTATION_COMMENTS = YES;
				CLANG_WARN_EMPTY_BODY = YES;
				CLANG_WARN_ENUM_CONVERSION = YES;
				CLANG_WARN_INFINITE_RECURSION = YES;
				CLANG_WARN_INT_CONVERSION = YES;
				CLANG_WARN_NON_LITERAL_NULL_CONVERSION = YES;
				CLANG_WARN_OBJC_IMPLICIT_RETAIN_SELF = YES;
				CLANG_WARN_OBJC_LITERAL_CONVERSION = YES;
				CLANG_WARN_OBJC_ROOT_CLASS = YES_ERROR;
				CLANG_WARN_QUOTED_INCLUDE_IN_FRAMEWORK_HEADER = YES;
				CLANG_WARN_RANGE_LOOP_ANALYSIS = YES;
				CLANG_WARN_STRICT_PROTOTYPES = YES;
				CLANG_WARN_SUSPICIOUS_MOVE = YES;
				CLANG_WARN_UNGUARDED_AVAILABILITY = YES_AGGRESSIVE;
				CLANG_WARN_UNREACHABLE_CODE = YES;
				CLANG_WARN__DUPLICATE_METHOD_MATCH = YES;
				COPY_PHASE_STRIP = NO;
				DEBUG_INFORMATION_FORMAT = dwarf;
				ENABLE_STRICT_OBJC_MSGSEND = YES;
				ENABLE_TESTABILITY = YES;
				GCC_C_LANGUAGE_STANDARD = gnu11;
				GCC_DYNAMIC_NO_PIC = NO;
				GCC_NO_COMMON_BLOCKS = YES;
				GCC_OPTIMIZATION_LEVEL = 0;
				GCC_PREPROCESSOR_DEFINITIONS = (
					"DEBUG=1",
					"$(inherited)",
				);
				GCC_WARN_64_TO_32_BIT_CONVERSION = YES;
				GCC_WARN_ABOUT_RETURN_TYPE = YES_ERROR;
				GCC_WARN_UNDECLARED_SELECTOR = YES;
				GCC_WARN_UNINITIALIZED_AUTOS = YES_AGGRESSIVE;
				GCC_WARN_UNUSED_FUNCTION = YES;
				GCC_WARN_UNUSED_VARIABLE = YES;
				IPHONEOS_DEPLOYMENT_TARGET = 16.0;
				MTL_ENABLE_DEBUG_INFO = INCLUDE_SOURCE;
				MTL_FAST_MATH = YES;
				ONLY_ACTIVE_ARCH = YES;
				SDKROOT = iphoneos;
				SWIFT_ACTIVE_COMPILATION_CONDITIONS = DEBUG;
				SWIFT_OPTIMIZATION_LEVEL = "-Onone";
			};
			name = Debug;
		};
		615FFAFF29120FFF0085A2E3 /* Release */ = {
			isa = XCBuildConfiguration;
			buildSettings = {
				ALWAYS_SEARCH_USER_PATHS = NO;
				CLANG_ANALYZER_NONNULL = YES;
				CLANG_ANALYZER_NUMBER_OBJECT_CONVERSION = YES_AGGRESSIVE;
				CLANG_CXX_LANGUAGE_STANDARD = "gnu++20";
				CLANG_ENABLE_MODULES = YES;
				CLANG_ENABLE_OBJC_ARC = YES;
				CLANG_ENABLE_OBJC_WEAK = YES;
				CLANG_WARN_BLOCK_CAPTURE_AUTORELEASING = YES;
				CLANG_WARN_BOOL_CONVERSION = YES;
				CLANG_WARN_COMMA = YES;
				CLANG_WARN_CONSTANT_CONVERSION = YES;
				CLANG_WARN_DEPRECATED_OBJC_IMPLEMENTATIONS = YES;
				CLANG_WARN_DIRECT_OBJC_ISA_USAGE = YES_ERROR;
				CLANG_WARN_DOCUMENTATION_COMMENTS = YES;
				CLANG_WARN_EMPTY_BODY = YES;
				CLANG_WARN_ENUM_CONVERSION = YES;
				CLANG_WARN_INFINITE_RECURSION = YES;
				CLANG_WARN_INT_CONVERSION = YES;
				CLANG_WARN_NON_LITERAL_NULL_CONVERSION = YES;
				CLANG_WARN_OBJC_IMPLICIT_RETAIN_SELF = YES;
				CLANG_WARN_OBJC_LITERAL_CONVERSION = YES;
				CLANG_WARN_OBJC_ROOT_CLASS = YES_ERROR;
				CLANG_WARN_QUOTED_INCLUDE_IN_FRAMEWORK_HEADER = YES;
				CLANG_WARN_RANGE_LOOP_ANALYSIS = YES;
				CLANG_WARN_STRICT_PROTOTYPES = YES;
				CLANG_WARN_SUSPICIOUS_MOVE = YES;
				CLANG_WARN_UNGUARDED_AVAILABILITY = YES_AGGRESSIVE;
				CLANG_WARN_UNREACHABLE_CODE = YES;
				CLANG_WARN__DUPLICATE_METHOD_MATCH = YES;
				COPY_PHASE_STRIP = NO;
				DEBUG_INFORMATION_FORMAT = "dwarf-with-dsym";
				ENABLE_NS_ASSERTIONS = NO;
				ENABLE_STRICT_OBJC_MSGSEND = YES;
				GCC_C_LANGUAGE_STANDARD = gnu11;
				GCC_NO_COMMON_BLOCKS = YES;
				GCC_WARN_64_TO_32_BIT_CONVERSION = YES;
				GCC_WARN_ABOUT_RETURN_TYPE = YES_ERROR;
				GCC_WARN_UNDECLARED_SELECTOR = YES;
				GCC_WARN_UNINITIALIZED_AUTOS = YES_AGGRESSIVE;
				GCC_WARN_UNUSED_FUNCTION = YES;
				GCC_WARN_UNUSED_VARIABLE = YES;
				IPHONEOS_DEPLOYMENT_TARGET = 16.0;
				MTL_ENABLE_DEBUG_INFO = NO;
				MTL_FAST_MATH = YES;
				SDKROOT = iphoneos;
				SWIFT_COMPILATION_MODE = wholemodule;
				SWIFT_OPTIMIZATION_LEVEL = "-O";
				VALIDATE_PRODUCT = YES;
			};
			name = Release;
		};
		615FFB0129120FFF0085A2E3 /* Debug */ = {
			isa = XCBuildConfiguration;
			buildSettings = {
				ASSETCATALOG_COMPILER_APPICON_NAME = AppIcon;
				ASSETCATALOG_COMPILER_GLOBAL_ACCENT_COLOR_NAME = AccentColor;
				CODE_SIGN_STYLE = Automatic;
				CURRENT_PROJECT_VERSION = 1;
				DEVELOPMENT_ASSET_PATHS = "\"HSCardExplorer/Preview Content\"";
				DEVELOPMENT_TEAM = 579RSDDQRM;
				ENABLE_PREVIEWS = YES;
				GENERATE_INFOPLIST_FILE = YES;
				INFOPLIST_KEY_UIApplicationSceneManifest_Generation = YES;
				INFOPLIST_KEY_UIApplicationSupportsIndirectInputEvents = YES;
				INFOPLIST_KEY_UILaunchScreen_Generation = YES;
				INFOPLIST_KEY_UISupportedInterfaceOrientations_iPad = "UIInterfaceOrientationPortrait UIInterfaceOrientationPortraitUpsideDown UIInterfaceOrientationLandscapeLeft UIInterfaceOrientationLandscapeRight";
				INFOPLIST_KEY_UISupportedInterfaceOrientations_iPhone = "UIInterfaceOrientationPortrait UIInterfaceOrientationLandscapeLeft UIInterfaceOrientationLandscapeRight";
				LD_RUNPATH_SEARCH_PATHS = (
					"$(inherited)",
					"@executable_path/Frameworks",
				);
				MARKETING_VERSION = 1.0;
				PRODUCT_BUNDLE_IDENTIFIER = com.ldelosheros.HSCardExplorer;
				PRODUCT_NAME = "$(TARGET_NAME)";
				SWIFT_EMIT_LOC_STRINGS = YES;
				SWIFT_VERSION = 5.0;
				TARGETED_DEVICE_FAMILY = "1,2";
			};
			name = Debug;
		};
		615FFB0229120FFF0085A2E3 /* Release */ = {
			isa = XCBuildConfiguration;
			buildSettings = {
				ASSETCATALOG_COMPILER_APPICON_NAME = AppIcon;
				ASSETCATALOG_COMPILER_GLOBAL_ACCENT_COLOR_NAME = AccentColor;
				CODE_SIGN_STYLE = Automatic;
				CURRENT_PROJECT_VERSION = 1;
				DEVELOPMENT_ASSET_PATHS = "\"HSCardExplorer/Preview Content\"";
				DEVELOPMENT_TEAM = 579RSDDQRM;
				ENABLE_PREVIEWS = YES;
				GENERATE_INFOPLIST_FILE = YES;
				INFOPLIST_KEY_UIApplicationSceneManifest_Generation = YES;
				INFOPLIST_KEY_UIApplicationSupportsIndirectInputEvents = YES;
				INFOPLIST_KEY_UILaunchScreen_Generation = YES;
				INFOPLIST_KEY_UISupportedInterfaceOrientations_iPad = "UIInterfaceOrientationPortrait UIInterfaceOrientationPortraitUpsideDown UIInterfaceOrientationLandscapeLeft UIInterfaceOrientationLandscapeRight";
				INFOPLIST_KEY_UISupportedInterfaceOrientations_iPhone = "UIInterfaceOrientationPortrait UIInterfaceOrientationLandscapeLeft UIInterfaceOrientationLandscapeRight";
				LD_RUNPATH_SEARCH_PATHS = (
					"$(inherited)",
					"@executable_path/Frameworks",
				);
				MARKETING_VERSION = 1.0;
				PRODUCT_BUNDLE_IDENTIFIER = com.ldelosheros.HSCardExplorer;
				PRODUCT_NAME = "$(TARGET_NAME)";
				SWIFT_EMIT_LOC_STRINGS = YES;
				SWIFT_VERSION = 5.0;
				TARGETED_DEVICE_FAMILY = "1,2";
			};
			name = Release;
		};
		615FFB0429120FFF0085A2E3 /* Debug */ = {
			isa = XCBuildConfiguration;
			buildSettings = {
				ALWAYS_EMBED_SWIFT_STANDARD_LIBRARIES = YES;
				BUNDLE_LOADER = "$(TEST_HOST)";
				CODE_SIGN_STYLE = Automatic;
				CURRENT_PROJECT_VERSION = 1;
				DEVELOPMENT_TEAM = 579RSDDQRM;
				GENERATE_INFOPLIST_FILE = YES;
				IPHONEOS_DEPLOYMENT_TARGET = 16.0;
				MARKETING_VERSION = 1.0;
				PRODUCT_BUNDLE_IDENTIFIER = com.ldelosheros.HSCardExplorerTests;
				PRODUCT_NAME = "$(TARGET_NAME)";
				SWIFT_EMIT_LOC_STRINGS = NO;
				SWIFT_VERSION = 5.0;
				TARGETED_DEVICE_FAMILY = "1,2";
				TEST_HOST = "$(BUILT_PRODUCTS_DIR)/HSCardExplorer.app/$(BUNDLE_EXECUTABLE_FOLDER_PATH)/HSCardExplorer";
			};
			name = Debug;
		};
		615FFB0529120FFF0085A2E3 /* Release */ = {
			isa = XCBuildConfiguration;
			buildSettings = {
				ALWAYS_EMBED_SWIFT_STANDARD_LIBRARIES = YES;
				BUNDLE_LOADER = "$(TEST_HOST)";
				CODE_SIGN_STYLE = Automatic;
				CURRENT_PROJECT_VERSION = 1;
				DEVELOPMENT_TEAM = 579RSDDQRM;
				GENERATE_INFOPLIST_FILE = YES;
				IPHONEOS_DEPLOYMENT_TARGET = 16.0;
				MARKETING_VERSION = 1.0;
				PRODUCT_BUNDLE_IDENTIFIER = com.ldelosheros.HSCardExplorerTests;
				PRODUCT_NAME = "$(TARGET_NAME)";
				SWIFT_EMIT_LOC_STRINGS = NO;
				SWIFT_VERSION = 5.0;
				TARGETED_DEVICE_FAMILY = "1,2";
				TEST_HOST = "$(BUILT_PRODUCTS_DIR)/HSCardExplorer.app/$(BUNDLE_EXECUTABLE_FOLDER_PATH)/HSCardExplorer";
			};
			name = Release;
		};
		615FFB0729120FFF0085A2E3 /* Debug */ = {
			isa = XCBuildConfiguration;
			buildSettings = {
				ALWAYS_EMBED_SWIFT_STANDARD_LIBRARIES = YES;
				CODE_SIGN_STYLE = Automatic;
				CURRENT_PROJECT_VERSION = 1;
				DEVELOPMENT_TEAM = 579RSDDQRM;
				GENERATE_INFOPLIST_FILE = YES;
				MARKETING_VERSION = 1.0;
				PRODUCT_BUNDLE_IDENTIFIER = com.ldelosheros.HSCardExplorerUITests;
				PRODUCT_NAME = "$(TARGET_NAME)";
				SWIFT_EMIT_LOC_STRINGS = NO;
				SWIFT_VERSION = 5.0;
				TARGETED_DEVICE_FAMILY = "1,2";
				TEST_TARGET_NAME = HSCardExplorer;
			};
			name = Debug;
		};
		615FFB0829120FFF0085A2E3 /* Release */ = {
			isa = XCBuildConfiguration;
			buildSettings = {
				ALWAYS_EMBED_SWIFT_STANDARD_LIBRARIES = YES;
				CODE_SIGN_STYLE = Automatic;
				CURRENT_PROJECT_VERSION = 1;
				DEVELOPMENT_TEAM = 579RSDDQRM;
				GENERATE_INFOPLIST_FILE = YES;
				MARKETING_VERSION = 1.0;
				PRODUCT_BUNDLE_IDENTIFIER = com.ldelosheros.HSCardExplorerUITests;
				PRODUCT_NAME = "$(TARGET_NAME)";
				SWIFT_EMIT_LOC_STRINGS = NO;
				SWIFT_VERSION = 5.0;
				TARGETED_DEVICE_FAMILY = "1,2";
				TEST_TARGET_NAME = HSCardExplorer;
			};
			name = Release;
		};
/* End XCBuildConfiguration section */

/* Begin XCConfigurationList section */
		615FFAD729120FFE0085A2E3 /* Build configuration list for PBXProject "HSCardExplorer" */ = {
			isa = XCConfigurationList;
			buildConfigurations = (
				615FFAFE29120FFF0085A2E3 /* Debug */,
				615FFAFF29120FFF0085A2E3 /* Release */,
			);
			defaultConfigurationIsVisible = 0;
			defaultConfigurationName = Release;
		};
		615FFB0029120FFF0085A2E3 /* Build configuration list for PBXNativeTarget "HSCardExplorer" */ = {
			isa = XCConfigurationList;
			buildConfigurations = (
				615FFB0129120FFF0085A2E3 /* Debug */,
				615FFB0229120FFF0085A2E3 /* Release */,
			);
			defaultConfigurationIsVisible = 0;
			defaultConfigurationName = Release;
		};
		615FFB0329120FFF0085A2E3 /* Build configuration list for PBXNativeTarget "HSCardExplorerTests" */ = {
			isa = XCConfigurationList;
			buildConfigurations = (
				615FFB0429120FFF0085A2E3 /* Debug */,
				615FFB0529120FFF0085A2E3 /* Release */,
			);
			defaultConfigurationIsVisible = 0;
			defaultConfigurationName = Release;
		};
		615FFB0629120FFF0085A2E3 /* Build configuration list for PBXNativeTarget "HSCardExplorerUITests" */ = {
			isa = XCConfigurationList;
			buildConfigurations = (
				615FFB0729120FFF0085A2E3 /* Debug */,
				615FFB0829120FFF0085A2E3 /* Release */,
			);
			defaultConfigurationIsVisible = 0;
			defaultConfigurationName = Release;
		};
/* End XCConfigurationList section */
	};
	rootObject = 615FFAD429120FFE0085A2E3 /* Project object */;
}
